// !$*UTF8*$!
{
	archiveVersion = 1;
	classes = {
	};
	objectVersion = 56;
	objects = {

/* Begin PBXBuildFile section */
		5F045F622C6D9E6000D737DE /* Result.swift in Sources */ = {isa = PBXBuildFile; fileRef = 5F045F612C6D9E6000D737DE /* Result.swift */; };
		5F045F642C6DA88900D737DE /* String+Extension.swift in Sources */ = {isa = PBXBuildFile; fileRef = 5F045F632C6DA88900D737DE /* String+Extension.swift */; };
		5F045F662C6DC5FF00D737DE /* UIResponder+Extension.swift in Sources */ = {isa = PBXBuildFile; fileRef = 5F045F652C6DC5FF00D737DE /* UIResponder+Extension.swift */; };
		5F9DBC812C6F003A0064F5B9 /* Double+Extension.swift in Sources */ = {isa = PBXBuildFile; fileRef = 5F9DBC802C6F003A0064F5B9 /* Double+Extension.swift */; };
		5F9DBC842C6F0D9C0064F5B9 /* click.m4a in Resources */ = {isa = PBXBuildFile; fileRef = 5F9DBC832C6F0D9C0064F5B9 /* click.m4a */; };
		5F9DBC872C6F0DCC0064F5B9 /* AudioPlayerService.swift in Sources */ = {isa = PBXBuildFile; fileRef = 5F9DBC862C6F0DCC0064F5B9 /* AudioPlayerService.swift */; };
		5F9DBC8B2C6F328F0064F5B9 /* CombineCocoa in Frameworks */ = {isa = PBXBuildFile; productRef = 5F9DBC8A2C6F328F0064F5B9 /* CombineCocoa */; };
		5FB2FDDB2C6B83CA00E138F7 /* AppDelegate.swift in Sources */ = {isa = PBXBuildFile; fileRef = 5FB2FDDA2C6B83CA00E138F7 /* AppDelegate.swift */; };
		5FB2FDDD2C6B83CA00E138F7 /* SceneDelegate.swift in Sources */ = {isa = PBXBuildFile; fileRef = 5FB2FDDC2C6B83CA00E138F7 /* SceneDelegate.swift */; };
		5FB2FDDF2C6B83CA00E138F7 /* CalculatorVC.swift in Sources */ = {isa = PBXBuildFile; fileRef = 5FB2FDDE2C6B83CA00E138F7 /* CalculatorVC.swift */; };
		5FB2FDE42C6B83CB00E138F7 /* Assets.xcassets in Resources */ = {isa = PBXBuildFile; fileRef = 5FB2FDE32C6B83CB00E138F7 /* Assets.xcassets */; };
		5FB2FDE72C6B83CB00E138F7 /* Base in Resources */ = {isa = PBXBuildFile; fileRef = 5FB2FDE62C6B83CB00E138F7 /* Base */; };
		5FB2FDF22C6B83CB00E138F7 /* Tip_CalculatorTests.swift in Sources */ = {isa = PBXBuildFile; fileRef = 5FB2FDF12C6B83CB00E138F7 /* Tip_CalculatorTests.swift */; };
		5FB2FDFC2C6B83CB00E138F7 /* Tip_CalculatorUITests.swift in Sources */ = {isa = PBXBuildFile; fileRef = 5FB2FDFB2C6B83CB00E138F7 /* Tip_CalculatorUITests.swift */; };
		5FB2FDFE2C6B83CB00E138F7 /* Tip_CalculatorUITestsLaunchTests.swift in Sources */ = {isa = PBXBuildFile; fileRef = 5FB2FDFD2C6B83CB00E138F7 /* Tip_CalculatorUITestsLaunchTests.swift */; };
		5FB2FE102C6B87E800E138F7 /* InlineSnapshotTesting in Frameworks */ = {isa = PBXBuildFile; productRef = 5FB2FE0F2C6B87E800E138F7 /* InlineSnapshotTesting */; };
		5FB2FE122C6B87E800E138F7 /* SnapshotTesting in Frameworks */ = {isa = PBXBuildFile; productRef = 5FB2FE112C6B87E800E138F7 /* SnapshotTesting */; };
		5FB2FE152C6B886E00E138F7 /* CombineCocoa in Frameworks */ = {isa = PBXBuildFile; productRef = 5FB2FE142C6B886E00E138F7 /* CombineCocoa */; settings = {ATTRIBUTES = (Required, ); }; };
		5FB2FE172C6B889B00E138F7 /* CombineCocoa in Frameworks */ = {isa = PBXBuildFile; productRef = 5FB2FE162C6B889B00E138F7 /* CombineCocoa */; };
		5FB2FE1A2C6B8EBE00E138F7 /* LogoView.swift in Sources */ = {isa = PBXBuildFile; fileRef = 5FB2FE192C6B8EBE00E138F7 /* LogoView.swift */; };
		5FB2FE1C2C6B8F7300E138F7 /* ResultView.swift in Sources */ = {isa = PBXBuildFile; fileRef = 5FB2FE1B2C6B8F7300E138F7 /* ResultView.swift */; };
		5FB2FE1E2C6B90B100E138F7 /* BillInputView.swift in Sources */ = {isa = PBXBuildFile; fileRef = 5FB2FE1D2C6B90B100E138F7 /* BillInputView.swift */; };
		5FB2FE202C6B90C700E138F7 /* TipInputView.swift in Sources */ = {isa = PBXBuildFile; fileRef = 5FB2FE1F2C6B90C700E138F7 /* TipInputView.swift */; };
		5FB2FE222C6B90E200E138F7 /* SplitInputView.swift in Sources */ = {isa = PBXBuildFile; fileRef = 5FB2FE212C6B90E200E138F7 /* SplitInputView.swift */; };
		5FB2FE252C6B9B7000E138F7 /* ThemeColor.swift in Sources */ = {isa = PBXBuildFile; fileRef = 5FB2FE242C6B9B7000E138F7 /* ThemeColor.swift */; };
		5FB2FE272C6B9B7700E138F7 /* ThemeFont.swift in Sources */ = {isa = PBXBuildFile; fileRef = 5FB2FE262C6B9B7700E138F7 /* ThemeFont.swift */; };
		5FB2FE2A2C6B9BC100E138F7 /* UIColor+Extension.swift in Sources */ = {isa = PBXBuildFile; fileRef = 5FB2FE292C6B9BC100E138F7 /* UIColor+Extension.swift */; };
		5FCC87222C6C3CB800991B1D /* LabelFactory.swift in Sources */ = {isa = PBXBuildFile; fileRef = 5FCC87212C6C3CB800991B1D /* LabelFactory.swift */; };
		5FCC87242C6C57F300991B1D /* UIView+Extension.swift in Sources */ = {isa = PBXBuildFile; fileRef = 5FCC87232C6C57F300991B1D /* UIView+Extension.swift */; };
		5FCC87262C6C67F300991B1D /* AmountView.swift in Sources */ = {isa = PBXBuildFile; fileRef = 5FCC87252C6C67F300991B1D /* AmountView.swift */; };
		5FCC87292C6C806500991B1D /* Tip.swift in Sources */ = {isa = PBXBuildFile; fileRef = 5FCC87282C6C806500991B1D /* Tip.swift */; };
		5FCC872B2C6C809900991B1D /* HeaderView.swift in Sources */ = {isa = PBXBuildFile; fileRef = 5FCC872A2C6C809900991B1D /* HeaderView.swift */; };
		5FCC872E2C6C9A3E00991B1D /* CalculatorViewModel.swift in Sources */ = {isa = PBXBuildFile; fileRef = 5FCC872D2C6C9A3E00991B1D /* CalculatorViewModel.swift */; };
		5FFC46F42C6E25CD00CCE9E6 /* Int+Extension.swift in Sources */ = {isa = PBXBuildFile; fileRef = 5FFC46F32C6E25CD00CCE9E6 /* Int+Extension.swift */; };
		B5F52A3B8F47EBC62672238E /* Pods_Tip_Calculator_Tip_CalculatorUITests.framework in Frameworks */ = {isa = PBXBuildFile; fileRef = EE76A7AF5385EDBB12E8060B /* Pods_Tip_Calculator_Tip_CalculatorUITests.framework */; };
		F336E08E4BA66178910831AF /* Pods_Tip_CalculatorTests.framework in Frameworks */ = {isa = PBXBuildFile; fileRef = 69569020BAC20241390966B7 /* Pods_Tip_CalculatorTests.framework */; };
/* End PBXBuildFile section */

/* Begin PBXContainerItemProxy section */
		5FB2FDEE2C6B83CB00E138F7 /* PBXContainerItemProxy */ = {
			isa = PBXContainerItemProxy;
			containerPortal = 5FB2FDCF2C6B83CA00E138F7 /* Project object */;
			proxyType = 1;
			remoteGlobalIDString = 5FB2FDD62C6B83CA00E138F7;
			remoteInfo = "Tip-Calculator";
		};
		5FB2FDF82C6B83CB00E138F7 /* PBXContainerItemProxy */ = {
			isa = PBXContainerItemProxy;
			containerPortal = 5FB2FDCF2C6B83CA00E138F7 /* Project object */;
			proxyType = 1;
			remoteGlobalIDString = 5FB2FDD62C6B83CA00E138F7;
			remoteInfo = "Tip-Calculator";
		};
/* End PBXContainerItemProxy section */

/* Begin PBXFileReference section */
		15C949686705187F6BF7D945 /* Pods_Tip_Calculator.framework */ = {isa = PBXFileReference; explicitFileType = wrapper.framework; includeInIndex = 0; path = Pods_Tip_Calculator.framework; sourceTree = BUILT_PRODUCTS_DIR; };
		3C6B075CE27107E8EED33BB9 /* Pods-Tip-Calculator-Tip-CalculatorUITests.release.xcconfig */ = {isa = PBXFileReference; includeInIndex = 1; lastKnownFileType = text.xcconfig; name = "Pods-Tip-Calculator-Tip-CalculatorUITests.release.xcconfig"; path = "Target Support Files/Pods-Tip-Calculator-Tip-CalculatorUITests/Pods-Tip-Calculator-Tip-CalculatorUITests.release.xcconfig"; sourceTree = "<group>"; };
		481388CA2287677AAE3FF18E /* Pods-Tip-Calculator.debug.xcconfig */ = {isa = PBXFileReference; includeInIndex = 1; lastKnownFileType = text.xcconfig; name = "Pods-Tip-Calculator.debug.xcconfig"; path = "Target Support Files/Pods-Tip-Calculator/Pods-Tip-Calculator.debug.xcconfig"; sourceTree = "<group>"; };
		585B72024A1FDAE9C32B6773 /* Pods-Tip-CalculatorTests.release.xcconfig */ = {isa = PBXFileReference; includeInIndex = 1; lastKnownFileType = text.xcconfig; name = "Pods-Tip-CalculatorTests.release.xcconfig"; path = "Target Support Files/Pods-Tip-CalculatorTests/Pods-Tip-CalculatorTests.release.xcconfig"; sourceTree = "<group>"; };
		5F045F612C6D9E6000D737DE /* Result.swift */ = {isa = PBXFileReference; lastKnownFileType = sourcecode.swift; path = Result.swift; sourceTree = "<group>"; };
		5F045F632C6DA88900D737DE /* String+Extension.swift */ = {isa = PBXFileReference; lastKnownFileType = sourcecode.swift; path = "String+Extension.swift"; sourceTree = "<group>"; };
		5F045F652C6DC5FF00D737DE /* UIResponder+Extension.swift */ = {isa = PBXFileReference; lastKnownFileType = sourcecode.swift; path = "UIResponder+Extension.swift"; sourceTree = "<group>"; };
		5F9DBC802C6F003A0064F5B9 /* Double+Extension.swift */ = {isa = PBXFileReference; lastKnownFileType = sourcecode.swift; path = "Double+Extension.swift"; sourceTree = "<group>"; };
		5F9DBC832C6F0D9C0064F5B9 /* click.m4a */ = {isa = PBXFileReference; lastKnownFileType = file; path = click.m4a; sourceTree = "<group>"; };
		5F9DBC862C6F0DCC0064F5B9 /* AudioPlayerService.swift */ = {isa = PBXFileReference; lastKnownFileType = sourcecode.swift; path = AudioPlayerService.swift; sourceTree = "<group>"; };
		5F9DBC882C6F32770064F5B9 /* CombineCocoa.framework */ = {isa = PBXFileReference; explicitFileType = wrapper.framework; path = CombineCocoa.framework; sourceTree = BUILT_PRODUCTS_DIR; };
		5FB2FDD72C6B83CA00E138F7 /* Tip-Calculator.app */ = {isa = PBXFileReference; explicitFileType = wrapper.application; includeInIndex = 0; path = "Tip-Calculator.app"; sourceTree = BUILT_PRODUCTS_DIR; };
		5FB2FDDA2C6B83CA00E138F7 /* AppDelegate.swift */ = {isa = PBXFileReference; lastKnownFileType = sourcecode.swift; path = AppDelegate.swift; sourceTree = "<group>"; };
		5FB2FDDC2C6B83CA00E138F7 /* SceneDelegate.swift */ = {isa = PBXFileReference; lastKnownFileType = sourcecode.swift; path = SceneDelegate.swift; sourceTree = "<group>"; };
		5FB2FDDE2C6B83CA00E138F7 /* CalculatorVC.swift */ = {isa = PBXFileReference; lastKnownFileType = sourcecode.swift; path = CalculatorVC.swift; sourceTree = "<group>"; };
		5FB2FDE32C6B83CB00E138F7 /* Assets.xcassets */ = {isa = PBXFileReference; lastKnownFileType = folder.assetcatalog; path = Assets.xcassets; sourceTree = "<group>"; };
		5FB2FDE62C6B83CB00E138F7 /* Base */ = {isa = PBXFileReference; lastKnownFileType = file.storyboard; name = Base; path = Base.lproj/LaunchScreen.storyboard; sourceTree = "<group>"; };
		5FB2FDE82C6B83CB00E138F7 /* Info.plist */ = {isa = PBXFileReference; lastKnownFileType = text.plist.xml; path = Info.plist; sourceTree = "<group>"; };
		5FB2FDED2C6B83CB00E138F7 /* Tip-CalculatorTests.xctest */ = {isa = PBXFileReference; explicitFileType = wrapper.cfbundle; includeInIndex = 0; path = "Tip-CalculatorTests.xctest"; sourceTree = BUILT_PRODUCTS_DIR; };
		5FB2FDF12C6B83CB00E138F7 /* Tip_CalculatorTests.swift */ = {isa = PBXFileReference; lastKnownFileType = sourcecode.swift; path = Tip_CalculatorTests.swift; sourceTree = "<group>"; };
		5FB2FDF72C6B83CB00E138F7 /* Tip-CalculatorUITests.xctest */ = {isa = PBXFileReference; explicitFileType = wrapper.cfbundle; includeInIndex = 0; path = "Tip-CalculatorUITests.xctest"; sourceTree = BUILT_PRODUCTS_DIR; };
		5FB2FDFB2C6B83CB00E138F7 /* Tip_CalculatorUITests.swift */ = {isa = PBXFileReference; lastKnownFileType = sourcecode.swift; path = Tip_CalculatorUITests.swift; sourceTree = "<group>"; };
		5FB2FDFD2C6B83CB00E138F7 /* Tip_CalculatorUITestsLaunchTests.swift */ = {isa = PBXFileReference; lastKnownFileType = sourcecode.swift; path = Tip_CalculatorUITestsLaunchTests.swift; sourceTree = "<group>"; };
		5FB2FE0A2C6B856500E138F7 /* CombineCocoa.framework */ = {isa = PBXFileReference; explicitFileType = wrapper.framework; path = CombineCocoa.framework; sourceTree = BUILT_PRODUCTS_DIR; };
		5FB2FE192C6B8EBE00E138F7 /* LogoView.swift */ = {isa = PBXFileReference; lastKnownFileType = sourcecode.swift; path = LogoView.swift; sourceTree = "<group>"; };
		5FB2FE1B2C6B8F7300E138F7 /* ResultView.swift */ = {isa = PBXFileReference; lastKnownFileType = sourcecode.swift; path = ResultView.swift; sourceTree = "<group>"; };
		5FB2FE1D2C6B90B100E138F7 /* BillInputView.swift */ = {isa = PBXFileReference; lastKnownFileType = sourcecode.swift; path = BillInputView.swift; sourceTree = "<group>"; };
		5FB2FE1F2C6B90C700E138F7 /* TipInputView.swift */ = {isa = PBXFileReference; lastKnownFileType = sourcecode.swift; path = TipInputView.swift; sourceTree = "<group>"; };
		5FB2FE212C6B90E200E138F7 /* SplitInputView.swift */ = {isa = PBXFileReference; lastKnownFileType = sourcecode.swift; path = SplitInputView.swift; sourceTree = "<group>"; };
		5FB2FE242C6B9B7000E138F7 /* ThemeColor.swift */ = {isa = PBXFileReference; lastKnownFileType = sourcecode.swift; path = ThemeColor.swift; sourceTree = "<group>"; };
		5FB2FE262C6B9B7700E138F7 /* ThemeFont.swift */ = {isa = PBXFileReference; lastKnownFileType = sourcecode.swift; path = ThemeFont.swift; sourceTree = "<group>"; };
		5FB2FE292C6B9BC100E138F7 /* UIColor+Extension.swift */ = {isa = PBXFileReference; lastKnownFileType = sourcecode.swift; path = "UIColor+Extension.swift"; sourceTree = "<group>"; };
		5FCC87212C6C3CB800991B1D /* LabelFactory.swift */ = {isa = PBXFileReference; lastKnownFileType = sourcecode.swift; path = LabelFactory.swift; sourceTree = "<group>"; };
		5FCC87232C6C57F300991B1D /* UIView+Extension.swift */ = {isa = PBXFileReference; lastKnownFileType = sourcecode.swift; path = "UIView+Extension.swift"; sourceTree = "<group>"; };
		5FCC87252C6C67F300991B1D /* AmountView.swift */ = {isa = PBXFileReference; lastKnownFileType = sourcecode.swift; path = AmountView.swift; sourceTree = "<group>"; };
		5FCC87282C6C806500991B1D /* Tip.swift */ = {isa = PBXFileReference; lastKnownFileType = sourcecode.swift; path = Tip.swift; sourceTree = "<group>"; };
		5FCC872A2C6C809900991B1D /* HeaderView.swift */ = {isa = PBXFileReference; lastKnownFileType = sourcecode.swift; path = HeaderView.swift; sourceTree = "<group>"; };
		5FCC872D2C6C9A3E00991B1D /* CalculatorViewModel.swift */ = {isa = PBXFileReference; lastKnownFileType = sourcecode.swift; path = CalculatorViewModel.swift; sourceTree = "<group>"; };
		5FFC46F32C6E25CD00CCE9E6 /* Int+Extension.swift */ = {isa = PBXFileReference; lastKnownFileType = sourcecode.swift; path = "Int+Extension.swift"; sourceTree = "<group>"; };
		69569020BAC20241390966B7 /* Pods_Tip_CalculatorTests.framework */ = {isa = PBXFileReference; explicitFileType = wrapper.framework; includeInIndex = 0; path = Pods_Tip_CalculatorTests.framework; sourceTree = BUILT_PRODUCTS_DIR; };
		9082D4D4414ADB643890A4BE /* Pods-Tip-Calculator.release.xcconfig */ = {isa = PBXFileReference; includeInIndex = 1; lastKnownFileType = text.xcconfig; name = "Pods-Tip-Calculator.release.xcconfig"; path = "Target Support Files/Pods-Tip-Calculator/Pods-Tip-Calculator.release.xcconfig"; sourceTree = "<group>"; };
		BF982A229B3E2350485DA8B7 /* Pods-Tip-CalculatorTests.debug.xcconfig */ = {isa = PBXFileReference; includeInIndex = 1; lastKnownFileType = text.xcconfig; name = "Pods-Tip-CalculatorTests.debug.xcconfig"; path = "Target Support Files/Pods-Tip-CalculatorTests/Pods-Tip-CalculatorTests.debug.xcconfig"; sourceTree = "<group>"; };
		EE76A7AF5385EDBB12E8060B /* Pods_Tip_Calculator_Tip_CalculatorUITests.framework */ = {isa = PBXFileReference; explicitFileType = wrapper.framework; includeInIndex = 0; path = Pods_Tip_Calculator_Tip_CalculatorUITests.framework; sourceTree = BUILT_PRODUCTS_DIR; };
		FC3F02144CC1F197E3577FA1 /* Pods-Tip-Calculator-Tip-CalculatorUITests.debug.xcconfig */ = {isa = PBXFileReference; includeInIndex = 1; lastKnownFileType = text.xcconfig; name = "Pods-Tip-Calculator-Tip-CalculatorUITests.debug.xcconfig"; path = "Target Support Files/Pods-Tip-Calculator-Tip-CalculatorUITests/Pods-Tip-Calculator-Tip-CalculatorUITests.debug.xcconfig"; sourceTree = "<group>"; };
/* End PBXFileReference section */

/* Begin PBXFrameworksBuildPhase section */
		5FB2FDD42C6B83CA00E138F7 /* Frameworks */ = {
			isa = PBXFrameworksBuildPhase;
			buildActionMask = 2147483647;
			files = (
				5F9DBC8B2C6F328F0064F5B9 /* CombineCocoa in Frameworks */,
			);
			runOnlyForDeploymentPostprocessing = 0;
		};
		5FB2FDEA2C6B83CB00E138F7 /* Frameworks */ = {
			isa = PBXFrameworksBuildPhase;
			buildActionMask = 2147483647;
			files = (
				5FB2FE122C6B87E800E138F7 /* SnapshotTesting in Frameworks */,
				5FB2FE102C6B87E800E138F7 /* InlineSnapshotTesting in Frameworks */,
				5FB2FE152C6B886E00E138F7 /* CombineCocoa in Frameworks */,
				F336E08E4BA66178910831AF /* Pods_Tip_CalculatorTests.framework in Frameworks */,
			);
			runOnlyForDeploymentPostprocessing = 0;
		};
		5FB2FDF42C6B83CB00E138F7 /* Frameworks */ = {
			isa = PBXFrameworksBuildPhase;
			buildActionMask = 2147483647;
			files = (
				5FB2FE172C6B889B00E138F7 /* CombineCocoa in Frameworks */,
				B5F52A3B8F47EBC62672238E /* Pods_Tip_Calculator_Tip_CalculatorUITests.framework in Frameworks */,
			);
			runOnlyForDeploymentPostprocessing = 0;
		};
/* End PBXFrameworksBuildPhase section */

/* Begin PBXGroup section */
		5F9DBC822C6F0D800064F5B9 /* resource */ = {
			isa = PBXGroup;
			children = (
				5F9DBC832C6F0D9C0064F5B9 /* click.m4a */,
			);
			path = resource;
			sourceTree = "<group>";
		};
		5F9DBC852C6F0DBC0064F5B9 /* service */ = {
			isa = PBXGroup;
			children = (
				5F9DBC862C6F0DCC0064F5B9 /* AudioPlayerService.swift */,
			);
			path = service;
			sourceTree = "<group>";
		};
		5FB2FDCE2C6B83CA00E138F7 = {
			isa = PBXGroup;
			children = (
				5FB2FDD92C6B83CA00E138F7 /* Tip-Calculator */,
				5FB2FDF02C6B83CB00E138F7 /* Tip-CalculatorTests */,
				5FB2FDFA2C6B83CB00E138F7 /* Tip-CalculatorUITests */,
				5FB2FDD82C6B83CA00E138F7 /* Products */,
				9A335994EA5218D05C128B9B /* Pods */,
				74FB6F1B02F9E1C229B13C92 /* Frameworks */,
			);
			sourceTree = "<group>";
		};
		5FB2FDD82C6B83CA00E138F7 /* Products */ = {
			isa = PBXGroup;
			children = (
				5FB2FDD72C6B83CA00E138F7 /* Tip-Calculator.app */,
				5FB2FDED2C6B83CB00E138F7 /* Tip-CalculatorTests.xctest */,
				5FB2FDF72C6B83CB00E138F7 /* Tip-CalculatorUITests.xctest */,
			);
			name = Products;
			sourceTree = "<group>";
		};
		5FB2FDD92C6B83CA00E138F7 /* Tip-Calculator */ = {
			isa = PBXGroup;
			children = (
				5FB2FDDA2C6B83CA00E138F7 /* AppDelegate.swift */,
				5FB2FDDC2C6B83CA00E138F7 /* SceneDelegate.swift */,
				5FB2FDDE2C6B83CA00E138F7 /* CalculatorVC.swift */,
				5F9DBC852C6F0DBC0064F5B9 /* service */,
				5F9DBC822C6F0D800064F5B9 /* resource */,
				5FCC872C2C6C99F900991B1D /* ViewModel */,
				5FCC87272C6C805200991B1D /* model */,
				5FCC87202C6C3CA800991B1D /* factory */,
				5FB2FE282C6B9B9C00E138F7 /* extension */,
				5FB2FE232C6B9B5C00E138F7 /* config */,
				5FB2FE182C6B8E9A00E138F7 /* View */,
				5FB2FDE32C6B83CB00E138F7 /* Assets.xcassets */,
				5FB2FDE52C6B83CB00E138F7 /* LaunchScreen.storyboard */,
				5FB2FDE82C6B83CB00E138F7 /* Info.plist */,
			);
			path = "Tip-Calculator";
			sourceTree = "<group>";
		};
		5FB2FDF02C6B83CB00E138F7 /* Tip-CalculatorTests */ = {
			isa = PBXGroup;
			children = (
				5FB2FDF12C6B83CB00E138F7 /* Tip_CalculatorTests.swift */,
			);
			path = "Tip-CalculatorTests";
			sourceTree = "<group>";
		};
		5FB2FDFA2C6B83CB00E138F7 /* Tip-CalculatorUITests */ = {
			isa = PBXGroup;
			children = (
				5FB2FDFB2C6B83CB00E138F7 /* Tip_CalculatorUITests.swift */,
				5FB2FDFD2C6B83CB00E138F7 /* Tip_CalculatorUITestsLaunchTests.swift */,
			);
			path = "Tip-CalculatorUITests";
			sourceTree = "<group>";
		};
		5FB2FE182C6B8E9A00E138F7 /* View */ = {
			isa = PBXGroup;
			children = (
				5FB2FE192C6B8EBE00E138F7 /* LogoView.swift */,
				5FB2FE1B2C6B8F7300E138F7 /* ResultView.swift */,
				5FB2FE1D2C6B90B100E138F7 /* BillInputView.swift */,
				5FCC87252C6C67F300991B1D /* AmountView.swift */,
				5FB2FE1F2C6B90C700E138F7 /* TipInputView.swift */,
				5FCC872A2C6C809900991B1D /* HeaderView.swift */,
				5FB2FE212C6B90E200E138F7 /* SplitInputView.swift */,
			);
			path = View;
			sourceTree = "<group>";
		};
		5FB2FE232C6B9B5C00E138F7 /* config */ = {
			isa = PBXGroup;
			children = (
				5FB2FE242C6B9B7000E138F7 /* ThemeColor.swift */,
				5FB2FE262C6B9B7700E138F7 /* ThemeFont.swift */,
			);
			path = config;
			sourceTree = "<group>";
		};
		5FB2FE282C6B9B9C00E138F7 /* extension */ = {
			isa = PBXGroup;
			children = (
				5FB2FE292C6B9BC100E138F7 /* UIColor+Extension.swift */,
				5FCC87232C6C57F300991B1D /* UIView+Extension.swift */,
				5F045F632C6DA88900D737DE /* String+Extension.swift */,
				5F045F652C6DC5FF00D737DE /* UIResponder+Extension.swift */,
				5FFC46F32C6E25CD00CCE9E6 /* Int+Extension.swift */,
				5F9DBC802C6F003A0064F5B9 /* Double+Extension.swift */,
			);
			path = extension;
			sourceTree = "<group>";
		};
		5FCC87202C6C3CA800991B1D /* factory */ = {
			isa = PBXGroup;
			children = (
				5FCC87212C6C3CB800991B1D /* LabelFactory.swift */,
			);
			path = factory;
			sourceTree = "<group>";
		};
		5FCC87272C6C805200991B1D /* model */ = {
			isa = PBXGroup;
			children = (
				5FCC87282C6C806500991B1D /* Tip.swift */,
				5F045F612C6D9E6000D737DE /* Result.swift */,
			);
			path = model;
			sourceTree = "<group>";
		};
		5FCC872C2C6C99F900991B1D /* ViewModel */ = {
			isa = PBXGroup;
			children = (
				5FCC872D2C6C9A3E00991B1D /* CalculatorViewModel.swift */,
			);
			path = ViewModel;
			sourceTree = "<group>";
		};
		74FB6F1B02F9E1C229B13C92 /* Frameworks */ = {
			isa = PBXGroup;
			children = (
				5F9DBC882C6F32770064F5B9 /* CombineCocoa.framework */,
				5FB2FE0A2C6B856500E138F7 /* CombineCocoa.framework */,
				15C949686705187F6BF7D945 /* Pods_Tip_Calculator.framework */,
				EE76A7AF5385EDBB12E8060B /* Pods_Tip_Calculator_Tip_CalculatorUITests.framework */,
				69569020BAC20241390966B7 /* Pods_Tip_CalculatorTests.framework */,
			);
			name = Frameworks;
			sourceTree = "<group>";
		};
		9A335994EA5218D05C128B9B /* Pods */ = {
			isa = PBXGroup;
			children = (
				481388CA2287677AAE3FF18E /* Pods-Tip-Calculator.debug.xcconfig */,
				9082D4D4414ADB643890A4BE /* Pods-Tip-Calculator.release.xcconfig */,
				FC3F02144CC1F197E3577FA1 /* Pods-Tip-Calculator-Tip-CalculatorUITests.debug.xcconfig */,
				3C6B075CE27107E8EED33BB9 /* Pods-Tip-Calculator-Tip-CalculatorUITests.release.xcconfig */,
				BF982A229B3E2350485DA8B7 /* Pods-Tip-CalculatorTests.debug.xcconfig */,
				585B72024A1FDAE9C32B6773 /* Pods-Tip-CalculatorTests.release.xcconfig */,
			);
			path = Pods;
			sourceTree = "<group>";
		};
/* End PBXGroup section */

/* Begin PBXNativeTarget section */
		5FB2FDD62C6B83CA00E138F7 /* Tip-Calculator */ = {
			isa = PBXNativeTarget;
			buildConfigurationList = 5FB2FE012C6B83CB00E138F7 /* Build configuration list for PBXNativeTarget "Tip-Calculator" */;
			buildPhases = (
				1118A1595AA54DB85E6BA259 /* [CP] Check Pods Manifest.lock */,
				5FB2FDD32C6B83CA00E138F7 /* Sources */,
				5FB2FDD42C6B83CA00E138F7 /* Frameworks */,
				5FB2FDD52C6B83CA00E138F7 /* Resources */,
				74042DD56522D5F0DE0208CA /* [CP] Embed Pods Frameworks */,
			);
			buildRules = (
			);
			dependencies = (
			);
			name = "Tip-Calculator";
			packageProductDependencies = (
				5F9DBC8A2C6F328F0064F5B9 /* CombineCocoa */,
			);
			productName = "Tip-Calculator";
			productReference = 5FB2FDD72C6B83CA00E138F7 /* Tip-Calculator.app */;
			productType = "com.apple.product-type.application";
		};
		5FB2FDEC2C6B83CB00E138F7 /* Tip-CalculatorTests */ = {
			isa = PBXNativeTarget;
			buildConfigurationList = 5FB2FE042C6B83CB00E138F7 /* Build configuration list for PBXNativeTarget "Tip-CalculatorTests" */;
			buildPhases = (
				F93CA7337B643CFD60C8CE4C /* [CP] Check Pods Manifest.lock */,
				5FB2FDE92C6B83CB00E138F7 /* Sources */,
				5FB2FDEA2C6B83CB00E138F7 /* Frameworks */,
				5FB2FDEB2C6B83CB00E138F7 /* Resources */,
			);
			buildRules = (
			);
			dependencies = (
				5FB2FDEF2C6B83CB00E138F7 /* PBXTargetDependency */,
			);
			name = "Tip-CalculatorTests";
			packageProductDependencies = (
				5FB2FE0F2C6B87E800E138F7 /* InlineSnapshotTesting */,
				5FB2FE112C6B87E800E138F7 /* SnapshotTesting */,
				5FB2FE142C6B886E00E138F7 /* CombineCocoa */,
			);
			productName = "Tip-CalculatorTests";
			productReference = 5FB2FDED2C6B83CB00E138F7 /* Tip-CalculatorTests.xctest */;
			productType = "com.apple.product-type.bundle.unit-test";
		};
		5FB2FDF62C6B83CB00E138F7 /* Tip-CalculatorUITests */ = {
			isa = PBXNativeTarget;
			buildConfigurationList = 5FB2FE072C6B83CB00E138F7 /* Build configuration list for PBXNativeTarget "Tip-CalculatorUITests" */;
			buildPhases = (
				3EFE242AEA19D60B740DA9A7 /* [CP] Check Pods Manifest.lock */,
				5FB2FDF32C6B83CB00E138F7 /* Sources */,
				5FB2FDF42C6B83CB00E138F7 /* Frameworks */,
				5FB2FDF52C6B83CB00E138F7 /* Resources */,
				0D41AFE59632B427FB479EDA /* [CP] Embed Pods Frameworks */,
			);
			buildRules = (
			);
			dependencies = (
				5FB2FDF92C6B83CB00E138F7 /* PBXTargetDependency */,
			);
			name = "Tip-CalculatorUITests";
			packageProductDependencies = (
				5FB2FE162C6B889B00E138F7 /* CombineCocoa */,
			);
			productName = "Tip-CalculatorUITests";
			productReference = 5FB2FDF72C6B83CB00E138F7 /* Tip-CalculatorUITests.xctest */;
			productType = "com.apple.product-type.bundle.ui-testing";
		};
/* End PBXNativeTarget section */

/* Begin PBXProject section */
		5FB2FDCF2C6B83CA00E138F7 /* Project object */ = {
			isa = PBXProject;
			attributes = {
				BuildIndependentTargetsInParallel = 1;
				LastSwiftUpdateCheck = 1540;
				LastUpgradeCheck = 1540;
				TargetAttributes = {
					5FB2FDD62C6B83CA00E138F7 = {
						CreatedOnToolsVersion = 15.4;
					};
					5FB2FDEC2C6B83CB00E138F7 = {
						CreatedOnToolsVersion = 15.4;
						TestTargetID = 5FB2FDD62C6B83CA00E138F7;
					};
					5FB2FDF62C6B83CB00E138F7 = {
						CreatedOnToolsVersion = 15.4;
						TestTargetID = 5FB2FDD62C6B83CA00E138F7;
					};
				};
			};
			buildConfigurationList = 5FB2FDD22C6B83CA00E138F7 /* Build configuration list for PBXProject "Tip-Calculator" */;
			compatibilityVersion = "Xcode 14.0";
			developmentRegion = en;
			hasScannedForEncodings = 0;
			knownRegions = (
				en,
				Base,
			);
			mainGroup = 5FB2FDCE2C6B83CA00E138F7;
			packageReferences = (
				5FB2FE0E2C6B87E800E138F7 /* XCRemoteSwiftPackageReference "swift-snapshot-testing" */,
				5FB2FE132C6B886E00E138F7 /* XCRemoteSwiftPackageReference "CombineCocoa" */,
			);
			productRefGroup = 5FB2FDD82C6B83CA00E138F7 /* Products */;
			projectDirPath = "";
			projectRoot = "";
			targets = (
				5FB2FDD62C6B83CA00E138F7 /* Tip-Calculator */,
				5FB2FDEC2C6B83CB00E138F7 /* Tip-CalculatorTests */,
				5FB2FDF62C6B83CB00E138F7 /* Tip-CalculatorUITests */,
			);
		};
/* End PBXProject section */

/* Begin PBXResourcesBuildPhase section */
		5FB2FDD52C6B83CA00E138F7 /* Resources */ = {
			isa = PBXResourcesBuildPhase;
			buildActionMask = 2147483647;
			files = (
				5F9DBC842C6F0D9C0064F5B9 /* click.m4a in Resources */,
				5FB2FDE42C6B83CB00E138F7 /* Assets.xcassets in Resources */,
				5FB2FDE72C6B83CB00E138F7 /* Base in Resources */,
			);
			runOnlyForDeploymentPostprocessing = 0;
		};
		5FB2FDEB2C6B83CB00E138F7 /* Resources */ = {
			isa = PBXResourcesBuildPhase;
			buildActionMask = 2147483647;
			files = (
			);
			runOnlyForDeploymentPostprocessing = 0;
		};
		5FB2FDF52C6B83CB00E138F7 /* Resources */ = {
			isa = PBXResourcesBuildPhase;
			buildActionMask = 2147483647;
			files = (
			);
			runOnlyForDeploymentPostprocessing = 0;
		};
/* End PBXResourcesBuildPhase section */

/* Begin PBXShellScriptBuildPhase section */
		0D41AFE59632B427FB479EDA /* [CP] Embed Pods Frameworks */ = {
			isa = PBXShellScriptBuildPhase;
			buildActionMask = 2147483647;
			files = (
			);
			inputFileListPaths = (
				"${PODS_ROOT}/Target Support Files/Pods-Tip-Calculator-Tip-CalculatorUITests/Pods-Tip-Calculator-Tip-CalculatorUITests-frameworks-${CONFIGURATION}-input-files.xcfilelist",
			);
			name = "[CP] Embed Pods Frameworks";
			outputFileListPaths = (
				"${PODS_ROOT}/Target Support Files/Pods-Tip-Calculator-Tip-CalculatorUITests/Pods-Tip-Calculator-Tip-CalculatorUITests-frameworks-${CONFIGURATION}-output-files.xcfilelist",
			);
			runOnlyForDeploymentPostprocessing = 0;
			shellPath = /bin/sh;
			shellScript = "\"${PODS_ROOT}/Target Support Files/Pods-Tip-Calculator-Tip-CalculatorUITests/Pods-Tip-Calculator-Tip-CalculatorUITests-frameworks.sh\"\n";
			showEnvVarsInLog = 0;
		};
		1118A1595AA54DB85E6BA259 /* [CP] Check Pods Manifest.lock */ = {
			isa = PBXShellScriptBuildPhase;
			buildActionMask = 2147483647;
			files = (
			);
			inputFileListPaths = (
			);
			inputPaths = (
				"${PODS_PODFILE_DIR_PATH}/Podfile.lock",
				"${PODS_ROOT}/Manifest.lock",
			);
			name = "[CP] Check Pods Manifest.lock";
			outputFileListPaths = (
			);
			outputPaths = (
				"$(DERIVED_FILE_DIR)/Pods-Tip-Calculator-checkManifestLockResult.txt",
			);
			runOnlyForDeploymentPostprocessing = 0;
			shellPath = /bin/sh;
			shellScript = "diff \"${PODS_PODFILE_DIR_PATH}/Podfile.lock\" \"${PODS_ROOT}/Manifest.lock\" > /dev/null\nif [ $? != 0 ] ; then\n    # print error to STDERR\n    echo \"error: The sandbox is not in sync with the Podfile.lock. Run 'pod install' or update your CocoaPods installation.\" >&2\n    exit 1\nfi\n# This output is used by Xcode 'outputs' to avoid re-running this script phase.\necho \"SUCCESS\" > \"${SCRIPT_OUTPUT_FILE_0}\"\n";
			showEnvVarsInLog = 0;
		};
		3EFE242AEA19D60B740DA9A7 /* [CP] Check Pods Manifest.lock */ = {
			isa = PBXShellScriptBuildPhase;
			buildActionMask = 2147483647;
			files = (
			);
			inputFileListPaths = (
			);
			inputPaths = (
				"${PODS_PODFILE_DIR_PATH}/Podfile.lock",
				"${PODS_ROOT}/Manifest.lock",
			);
			name = "[CP] Check Pods Manifest.lock";
			outputFileListPaths = (
			);
			outputPaths = (
				"$(DERIVED_FILE_DIR)/Pods-Tip-Calculator-Tip-CalculatorUITests-checkManifestLockResult.txt",
			);
			runOnlyForDeploymentPostprocessing = 0;
			shellPath = /bin/sh;
			shellScript = "diff \"${PODS_PODFILE_DIR_PATH}/Podfile.lock\" \"${PODS_ROOT}/Manifest.lock\" > /dev/null\nif [ $? != 0 ] ; then\n    # print error to STDERR\n    echo \"error: The sandbox is not in sync with the Podfile.lock. Run 'pod install' or update your CocoaPods installation.\" >&2\n    exit 1\nfi\n# This output is used by Xcode 'outputs' to avoid re-running this script phase.\necho \"SUCCESS\" > \"${SCRIPT_OUTPUT_FILE_0}\"\n";
			showEnvVarsInLog = 0;
		};
		74042DD56522D5F0DE0208CA /* [CP] Embed Pods Frameworks */ = {
			isa = PBXShellScriptBuildPhase;
			buildActionMask = 2147483647;
			files = (
			);
			inputFileListPaths = (
				"${PODS_ROOT}/Target Support Files/Pods-Tip-Calculator/Pods-Tip-Calculator-frameworks-${CONFIGURATION}-input-files.xcfilelist",
			);
			name = "[CP] Embed Pods Frameworks";
			outputFileListPaths = (
				"${PODS_ROOT}/Target Support Files/Pods-Tip-Calculator/Pods-Tip-Calculator-frameworks-${CONFIGURATION}-output-files.xcfilelist",
			);
			runOnlyForDeploymentPostprocessing = 0;
			shellPath = /bin/sh;
			shellScript = "\"${PODS_ROOT}/Target Support Files/Pods-Tip-Calculator/Pods-Tip-Calculator-frameworks.sh\"\n";
			showEnvVarsInLog = 0;
		};
		F93CA7337B643CFD60C8CE4C /* [CP] Check Pods Manifest.lock */ = {
			isa = PBXShellScriptBuildPhase;
			buildActionMask = 2147483647;
			files = (
			);
			inputFileListPaths = (
			);
			inputPaths = (
				"${PODS_PODFILE_DIR_PATH}/Podfile.lock",
				"${PODS_ROOT}/Manifest.lock",
			);
			name = "[CP] Check Pods Manifest.lock";
			outputFileListPaths = (
			);
			outputPaths = (
				"$(DERIVED_FILE_DIR)/Pods-Tip-CalculatorTests-checkManifestLockResult.txt",
			);
			runOnlyForDeploymentPostprocessing = 0;
			shellPath = /bin/sh;
			shellScript = "diff \"${PODS_PODFILE_DIR_PATH}/Podfile.lock\" \"${PODS_ROOT}/Manifest.lock\" > /dev/null\nif [ $? != 0 ] ; then\n    # print error to STDERR\n    echo \"error: The sandbox is not in sync with the Podfile.lock. Run 'pod install' or update your CocoaPods installation.\" >&2\n    exit 1\nfi\n# This output is used by Xcode 'outputs' to avoid re-running this script phase.\necho \"SUCCESS\" > \"${SCRIPT_OUTPUT_FILE_0}\"\n";
			showEnvVarsInLog = 0;
		};
/* End PBXShellScriptBuildPhase section */

/* Begin PBXSourcesBuildPhase section */
		5FB2FDD32C6B83CA00E138F7 /* Sources */ = {
			isa = PBXSourcesBuildPhase;
			buildActionMask = 2147483647;
			files = (
				5F045F622C6D9E6000D737DE /* Result.swift in Sources */,
				5FCC87262C6C67F300991B1D /* AmountView.swift in Sources */,
				5F045F662C6DC5FF00D737DE /* UIResponder+Extension.swift in Sources */,
				5FFC46F42C6E25CD00CCE9E6 /* Int+Extension.swift in Sources */,
				5FB2FDDF2C6B83CA00E138F7 /* CalculatorVC.swift in Sources */,
				5F045F642C6DA88900D737DE /* String+Extension.swift in Sources */,
				5FCC87242C6C57F300991B1D /* UIView+Extension.swift in Sources */,
				5FB2FE1A2C6B8EBE00E138F7 /* LogoView.swift in Sources */,
				5FB2FE252C6B9B7000E138F7 /* ThemeColor.swift in Sources */,
				5FB2FE2A2C6B9BC100E138F7 /* UIColor+Extension.swift in Sources */,
				5FB2FE1E2C6B90B100E138F7 /* BillInputView.swift in Sources */,
				5FB2FE1C2C6B8F7300E138F7 /* ResultView.swift in Sources */,
				5F9DBC872C6F0DCC0064F5B9 /* AudioPlayerService.swift in Sources */,
				5FB2FDDB2C6B83CA00E138F7 /* AppDelegate.swift in Sources */,
				5FB2FE272C6B9B7700E138F7 /* ThemeFont.swift in Sources */,
				5FB2FDDD2C6B83CA00E138F7 /* SceneDelegate.swift in Sources */,
				5FCC87222C6C3CB800991B1D /* LabelFactory.swift in Sources */,
				5F9DBC812C6F003A0064F5B9 /* Double+Extension.swift in Sources */,
				5FCC872E2C6C9A3E00991B1D /* CalculatorViewModel.swift in Sources */,
				5FCC87292C6C806500991B1D /* Tip.swift in Sources */,
				5FB2FE222C6B90E200E138F7 /* SplitInputView.swift in Sources */,
				5FB2FE202C6B90C700E138F7 /* TipInputView.swift in Sources */,
				5FCC872B2C6C809900991B1D /* HeaderView.swift in Sources */,
			);
			runOnlyForDeploymentPostprocessing = 0;
		};
		5FB2FDE92C6B83CB00E138F7 /* Sources */ = {
			isa = PBXSourcesBuildPhase;
			buildActionMask = 2147483647;
			files = (
				5FB2FDF22C6B83CB00E138F7 /* Tip_CalculatorTests.swift in Sources */,
			);
			runOnlyForDeploymentPostprocessing = 0;
		};
		5FB2FDF32C6B83CB00E138F7 /* Sources */ = {
			isa = PBXSourcesBuildPhase;
			buildActionMask = 2147483647;
			files = (
				5FB2FDFE2C6B83CB00E138F7 /* Tip_CalculatorUITestsLaunchTests.swift in Sources */,
				5FB2FDFC2C6B83CB00E138F7 /* Tip_CalculatorUITests.swift in Sources */,
			);
			runOnlyForDeploymentPostprocessing = 0;
		};
/* End PBXSourcesBuildPhase section */

/* Begin PBXTargetDependency section */
		5FB2FDEF2C6B83CB00E138F7 /* PBXTargetDependency */ = {
			isa = PBXTargetDependency;
			target = 5FB2FDD62C6B83CA00E138F7 /* Tip-Calculator */;
			targetProxy = 5FB2FDEE2C6B83CB00E138F7 /* PBXContainerItemProxy */;
		};
		5FB2FDF92C6B83CB00E138F7 /* PBXTargetDependency */ = {
			isa = PBXTargetDependency;
			target = 5FB2FDD62C6B83CA00E138F7 /* Tip-Calculator */;
			targetProxy = 5FB2FDF82C6B83CB00E138F7 /* PBXContainerItemProxy */;
		};
/* End PBXTargetDependency section */

/* Begin PBXVariantGroup section */
		5FB2FDE52C6B83CB00E138F7 /* LaunchScreen.storyboard */ = {
			isa = PBXVariantGroup;
			children = (
				5FB2FDE62C6B83CB00E138F7 /* Base */,
			);
			name = LaunchScreen.storyboard;
			sourceTree = "<group>";
		};
/* End PBXVariantGroup section */

/* Begin XCBuildConfiguration section */
		5FB2FDFF2C6B83CB00E138F7 /* Debug */ = {
			isa = XCBuildConfiguration;
			buildSettings = {
				ALWAYS_SEARCH_USER_PATHS = NO;
				ASSETCATALOG_COMPILER_GENERATE_SWIFT_ASSET_SYMBOL_EXTENSIONS = YES;
				CLANG_ANALYZER_NONNULL = YES;
				CLANG_ANALYZER_NUMBER_OBJECT_CONVERSION = YES_AGGRESSIVE;
				CLANG_CXX_LANGUAGE_STANDARD = "gnu++20";
				CLANG_ENABLE_MODULES = YES;
				CLANG_ENABLE_OBJC_ARC = YES;
				CLANG_ENABLE_OBJC_WEAK = YES;
				CLANG_WARN_BLOCK_CAPTURE_AUTORELEASING = YES;
				CLANG_WARN_BOOL_CONVERSION = YES;
				CLANG_WARN_COMMA = YES;
				CLANG_WARN_CONSTANT_CONVERSION = YES;
				CLANG_WARN_DEPRECATED_OBJC_IMPLEMENTATIONS = YES;
				CLANG_WARN_DIRECT_OBJC_ISA_USAGE = YES_ERROR;
				CLANG_WARN_DOCUMENTATION_COMMENTS = YES;
				CLANG_WARN_EMPTY_BODY = YES;
				CLANG_WARN_ENUM_CONVERSION = YES;
				CLANG_WARN_INFINITE_RECURSION = YES;
				CLANG_WARN_INT_CONVERSION = YES;
				CLANG_WARN_NON_LITERAL_NULL_CONVERSION = YES;
				CLANG_WARN_OBJC_IMPLICIT_RETAIN_SELF = YES;
				CLANG_WARN_OBJC_LITERAL_CONVERSION = YES;
				CLANG_WARN_OBJC_ROOT_CLASS = YES_ERROR;
				CLANG_WARN_QUOTED_INCLUDE_IN_FRAMEWORK_HEADER = YES;
				CLANG_WARN_RANGE_LOOP_ANALYSIS = YES;
				CLANG_WARN_STRICT_PROTOTYPES = YES;
				CLANG_WARN_SUSPICIOUS_MOVE = YES;
				CLANG_WARN_UNGUARDED_AVAILABILITY = YES_AGGRESSIVE;
				CLANG_WARN_UNREACHABLE_CODE = YES;
				CLANG_WARN__DUPLICATE_METHOD_MATCH = YES;
				COPY_PHASE_STRIP = NO;
				DEBUG_INFORMATION_FORMAT = dwarf;
				ENABLE_STRICT_OBJC_MSGSEND = YES;
				ENABLE_TESTABILITY = YES;
				ENABLE_USER_SCRIPT_SANDBOXING = NO;
				GCC_C_LANGUAGE_STANDARD = gnu17;
				GCC_DYNAMIC_NO_PIC = NO;
				GCC_NO_COMMON_BLOCKS = YES;
				GCC_OPTIMIZATION_LEVEL = 0;
				GCC_PREPROCESSOR_DEFINITIONS = (
					"DEBUG=1",
					"$(inherited)",
				);
				GCC_WARN_64_TO_32_BIT_CONVERSION = YES;
				GCC_WARN_ABOUT_RETURN_TYPE = YES_ERROR;
				GCC_WARN_UNDECLARED_SELECTOR = YES;
				GCC_WARN_UNINITIALIZED_AUTOS = YES_AGGRESSIVE;
				GCC_WARN_UNUSED_FUNCTION = YES;
				GCC_WARN_UNUSED_VARIABLE = YES;
				IPHONEOS_DEPLOYMENT_TARGET = 17.5;
				LOCALIZATION_PREFERS_STRING_CATALOGS = YES;
				MTL_ENABLE_DEBUG_INFO = INCLUDE_SOURCE;
				MTL_FAST_MATH = YES;
				ONLY_ACTIVE_ARCH = YES;
				SDKROOT = iphoneos;
				SWIFT_ACTIVE_COMPILATION_CONDITIONS = "DEBUG $(inherited)";
				SWIFT_OPTIMIZATION_LEVEL = "-Onone";
			};
			name = Debug;
		};
		5FB2FE002C6B83CB00E138F7 /* Release */ = {
			isa = XCBuildConfiguration;
			buildSettings = {
				ALWAYS_SEARCH_USER_PATHS = NO;
				ASSETCATALOG_COMPILER_GENERATE_SWIFT_ASSET_SYMBOL_EXTENSIONS = YES;
				CLANG_ANALYZER_NONNULL = YES;
				CLANG_ANALYZER_NUMBER_OBJECT_CONVERSION = YES_AGGRESSIVE;
				CLANG_CXX_LANGUAGE_STANDARD = "gnu++20";
				CLANG_ENABLE_MODULES = YES;
				CLANG_ENABLE_OBJC_ARC = YES;
				CLANG_ENABLE_OBJC_WEAK = YES;
				CLANG_WARN_BLOCK_CAPTURE_AUTORELEASING = YES;
				CLANG_WARN_BOOL_CONVERSION = YES;
				CLANG_WARN_COMMA = YES;
				CLANG_WARN_CONSTANT_CONVERSION = YES;
				CLANG_WARN_DEPRECATED_OBJC_IMPLEMENTATIONS = YES;
				CLANG_WARN_DIRECT_OBJC_ISA_USAGE = YES_ERROR;
				CLANG_WARN_DOCUMENTATION_COMMENTS = YES;
				CLANG_WARN_EMPTY_BODY = YES;
				CLANG_WARN_ENUM_CONVERSION = YES;
				CLANG_WARN_INFINITE_RECURSION = YES;
				CLANG_WARN_INT_CONVERSION = YES;
				CLANG_WARN_NON_LITERAL_NULL_CONVERSION = YES;
				CLANG_WARN_OBJC_IMPLICIT_RETAIN_SELF = YES;
				CLANG_WARN_OBJC_LITERAL_CONVERSION = YES;
				CLANG_WARN_OBJC_ROOT_CLASS = YES_ERROR;
				CLANG_WARN_QUOTED_INCLUDE_IN_FRAMEWORK_HEADER = YES;
				CLANG_WARN_RANGE_LOOP_ANALYSIS = YES;
				CLANG_WARN_STRICT_PROTOTYPES = YES;
				CLANG_WARN_SUSPICIOUS_MOVE = YES;
				CLANG_WARN_UNGUARDED_AVAILABILITY = YES_AGGRESSIVE;
				CLANG_WARN_UNREACHABLE_CODE = YES;
				CLANG_WARN__DUPLICATE_METHOD_MATCH = YES;
				COPY_PHASE_STRIP = NO;
				DEBUG_INFORMATION_FORMAT = "dwarf-with-dsym";
				ENABLE_NS_ASSERTIONS = NO;
				ENABLE_STRICT_OBJC_MSGSEND = YES;
				ENABLE_USER_SCRIPT_SANDBOXING = NO;
				GCC_C_LANGUAGE_STANDARD = gnu17;
				GCC_NO_COMMON_BLOCKS = YES;
				GCC_WARN_64_TO_32_BIT_CONVERSION = YES;
				GCC_WARN_ABOUT_RETURN_TYPE = YES_ERROR;
				GCC_WARN_UNDECLARED_SELECTOR = YES;
				GCC_WARN_UNINITIALIZED_AUTOS = YES_AGGRESSIVE;
				GCC_WARN_UNUSED_FUNCTION = YES;
				GCC_WARN_UNUSED_VARIABLE = YES;
				IPHONEOS_DEPLOYMENT_TARGET = 17.5;
				LOCALIZATION_PREFERS_STRING_CATALOGS = YES;
				MTL_ENABLE_DEBUG_INFO = NO;
				MTL_FAST_MATH = YES;
				SDKROOT = iphoneos;
				SWIFT_COMPILATION_MODE = wholemodule;
				VALIDATE_PRODUCT = YES;
			};
			name = Release;
		};
		5FB2FE022C6B83CB00E138F7 /* Debug */ = {
			isa = XCBuildConfiguration;
			baseConfigurationReference = 481388CA2287677AAE3FF18E /* Pods-Tip-Calculator.debug.xcconfig */;
			buildSettings = {
				ASSETCATALOG_COMPILER_APPICON_NAME = AppIcon;
				ASSETCATALOG_COMPILER_GLOBAL_ACCENT_COLOR_NAME = AccentColor;
				CODE_SIGN_STYLE = Automatic;
				CURRENT_PROJECT_VERSION = 1;
				DEVELOPMENT_TEAM = 76FZX58B63;
				ENABLE_USER_SCRIPT_SANDBOXING = NO;
				GENERATE_INFOPLIST_FILE = YES;
				INFOPLIST_FILE = "Tip-Calculator/Info.plist";
				INFOPLIST_KEY_UIApplicationSupportsIndirectInputEvents = YES;
				INFOPLIST_KEY_UILaunchStoryboardName = LaunchScreen;
				INFOPLIST_KEY_UISupportedInterfaceOrientations_iPad = "UIInterfaceOrientationPortrait UIInterfaceOrientationPortraitUpsideDown UIInterfaceOrientationLandscapeLeft UIInterfaceOrientationLandscapeRight";
				INFOPLIST_KEY_UISupportedInterfaceOrientations_iPhone = "UIInterfaceOrientationPortrait UIInterfaceOrientationLandscapeLeft UIInterfaceOrientationLandscapeRight";
				LD_RUNPATH_SEARCH_PATHS = (
					"$(inherited)",
					"@executable_path/Frameworks",
				);
				MARKETING_VERSION = 1.0;
				PRODUCT_BUNDLE_IDENTIFIER = "co.aldreinuqui.Tip-Calculator";
				PRODUCT_NAME = "$(TARGET_NAME)";
				SWIFT_EMIT_LOC_STRINGS = YES;
				SWIFT_VERSION = 5.0;
				TARGETED_DEVICE_FAMILY = "1,2";
			};
			name = Debug;
		};
		5FB2FE032C6B83CB00E138F7 /* Release */ = {
			isa = XCBuildConfiguration;
			baseConfigurationReference = 9082D4D4414ADB643890A4BE /* Pods-Tip-Calculator.release.xcconfig */;
			buildSettings = {
				ASSETCATALOG_COMPILER_APPICON_NAME = AppIcon;
				ASSETCATALOG_COMPILER_GLOBAL_ACCENT_COLOR_NAME = AccentColor;
				CODE_SIGN_STYLE = Automatic;
				CURRENT_PROJECT_VERSION = 1;
				DEVELOPMENT_TEAM = 76FZX58B63;
				ENABLE_USER_SCRIPT_SANDBOXING = NO;
				GENERATE_INFOPLIST_FILE = YES;
				INFOPLIST_FILE = "Tip-Calculator/Info.plist";
				INFOPLIST_KEY_UIApplicationSupportsIndirectInputEvents = YES;
				INFOPLIST_KEY_UILaunchStoryboardName = LaunchScreen;
				INFOPLIST_KEY_UISupportedInterfaceOrientations_iPad = "UIInterfaceOrientationPortrait UIInterfaceOrientationPortraitUpsideDown UIInterfaceOrientationLandscapeLeft UIInterfaceOrientationLandscapeRight";
				INFOPLIST_KEY_UISupportedInterfaceOrientations_iPhone = "UIInterfaceOrientationPortrait UIInterfaceOrientationLandscapeLeft UIInterfaceOrientationLandscapeRight";
				LD_RUNPATH_SEARCH_PATHS = (
					"$(inherited)",
					"@executable_path/Frameworks",
				);
				MARKETING_VERSION = 1.0;
				PRODUCT_BUNDLE_IDENTIFIER = "co.aldreinuqui.Tip-Calculator";
				PRODUCT_NAME = "$(TARGET_NAME)";
				SWIFT_EMIT_LOC_STRINGS = YES;
				SWIFT_VERSION = 5.0;
				TARGETED_DEVICE_FAMILY = "1,2";
			};
			name = Release;
		};
		5FB2FE052C6B83CB00E138F7 /* Debug */ = {
			isa = XCBuildConfiguration;
			baseConfigurationReference = BF982A229B3E2350485DA8B7 /* Pods-Tip-CalculatorTests.debug.xcconfig */;
			buildSettings = {
				ALWAYS_EMBED_SWIFT_STANDARD_LIBRARIES = YES;
				BUNDLE_LOADER = "$(TEST_HOST)";
				CODE_SIGN_STYLE = Automatic;
				CURRENT_PROJECT_VERSION = 1;
				DEVELOPMENT_TEAM = 76FZX58B63;
				GENERATE_INFOPLIST_FILE = YES;
				IPHONEOS_DEPLOYMENT_TARGET = 17.5;
				MARKETING_VERSION = 1.0;
				PRODUCT_BUNDLE_IDENTIFIER = "co.aldreinuqui.Tip-CalculatorTests";
				PRODUCT_NAME = "$(TARGET_NAME)";
				SWIFT_EMIT_LOC_STRINGS = NO;
				SWIFT_VERSION = 5.0;
				TARGETED_DEVICE_FAMILY = "1,2";
				TEST_HOST = "$(BUILT_PRODUCTS_DIR)/Tip-Calculator.app/$(BUNDLE_EXECUTABLE_FOLDER_PATH)/Tip-Calculator";
			};
			name = Debug;
		};
		5FB2FE062C6B83CB00E138F7 /* Release */ = {
			isa = XCBuildConfiguration;
			baseConfigurationReference = 585B72024A1FDAE9C32B6773 /* Pods-Tip-CalculatorTests.release.xcconfig */;
			buildSettings = {
				ALWAYS_EMBED_SWIFT_STANDARD_LIBRARIES = YES;
				BUNDLE_LOADER = "$(TEST_HOST)";
				CODE_SIGN_STYLE = Automatic;
				CURRENT_PROJECT_VERSION = 1;
				DEVELOPMENT_TEAM = 76FZX58B63;
				GENERATE_INFOPLIST_FILE = YES;
				IPHONEOS_DEPLOYMENT_TARGET = 17.5;
				MARKETING_VERSION = 1.0;
				PRODUCT_BUNDLE_IDENTIFIER = "co.aldreinuqui.Tip-CalculatorTests";
				PRODUCT_NAME = "$(TARGET_NAME)";
				SWIFT_EMIT_LOC_STRINGS = NO;
				SWIFT_VERSION = 5.0;
				TARGETED_DEVICE_FAMILY = "1,2";
				TEST_HOST = "$(BUILT_PRODUCTS_DIR)/Tip-Calculator.app/$(BUNDLE_EXECUTABLE_FOLDER_PATH)/Tip-Calculator";
			};
			name = Release;
		};
		5FB2FE082C6B83CB00E138F7 /* Debug */ = {
			isa = XCBuildConfiguration;
			baseConfigurationReference = FC3F02144CC1F197E3577FA1 /* Pods-Tip-Calculator-Tip-CalculatorUITests.debug.xcconfig */;
			buildSettings = {
				ALWAYS_EMBED_SWIFT_STANDARD_LIBRARIES = YES;
				CODE_SIGN_STYLE = Automatic;
				CURRENT_PROJECT_VERSION = 1;
				DEVELOPMENT_TEAM = 76FZX58B63;
				GENERATE_INFOPLIST_FILE = YES;
				MARKETING_VERSION = 1.0;
				PRODUCT_BUNDLE_IDENTIFIER = "co.aldreinuqui.Tip-CalculatorUITests";
				PRODUCT_NAME = "$(TARGET_NAME)";
				SWIFT_EMIT_LOC_STRINGS = NO;
				SWIFT_VERSION = 5.0;
				TARGETED_DEVICE_FAMILY = "1,2";
				TEST_TARGET_NAME = "Tip-Calculator";
			};
			name = Debug;
		};
		5FB2FE092C6B83CB00E138F7 /* Release */ = {
			isa = XCBuildConfiguration;
			baseConfigurationReference = 3C6B075CE27107E8EED33BB9 /* Pods-Tip-Calculator-Tip-CalculatorUITests.release.xcconfig */;
			buildSettings = {
				ALWAYS_EMBED_SWIFT_STANDARD_LIBRARIES = YES;
				CODE_SIGN_STYLE = Automatic;
				CURRENT_PROJECT_VERSION = 1;
				DEVELOPMENT_TEAM = 76FZX58B63;
				GENERATE_INFOPLIST_FILE = YES;
				MARKETING_VERSION = 1.0;
				PRODUCT_BUNDLE_IDENTIFIER = "co.aldreinuqui.Tip-CalculatorUITests";
				PRODUCT_NAME = "$(TARGET_NAME)";
				SWIFT_EMIT_LOC_STRINGS = NO;
				SWIFT_VERSION = 5.0;
				TARGETED_DEVICE_FAMILY = "1,2";
				TEST_TARGET_NAME = "Tip-Calculator";
			};
			name = Release;
		};
/* End XCBuildConfiguration section */

/* Begin XCConfigurationList section */
		5FB2FDD22C6B83CA00E138F7 /* Build configuration list for PBXProject "Tip-Calculator" */ = {
			isa = XCConfigurationList;
			buildConfigurations = (
				5FB2FDFF2C6B83CB00E138F7 /* Debug */,
				5FB2FE002C6B83CB00E138F7 /* Release */,
			);
			defaultConfigurationIsVisible = 0;
			defaultConfigurationName = Release;
		};
		5FB2FE012C6B83CB00E138F7 /* Build configuration list for PBXNativeTarget "Tip-Calculator" */ = {
			isa = XCConfigurationList;
			buildConfigurations = (
				5FB2FE022C6B83CB00E138F7 /* Debug */,
				5FB2FE032C6B83CB00E138F7 /* Release */,
			);
			defaultConfigurationIsVisible = 0;
			defaultConfigurationName = Release;
		};
		5FB2FE042C6B83CB00E138F7 /* Build configuration list for PBXNativeTarget "Tip-CalculatorTests" */ = {
			isa = XCConfigurationList;
			buildConfigurations = (
				5FB2FE052C6B83CB00E138F7 /* Debug */,
				5FB2FE062C6B83CB00E138F7 /* Release */,
			);
			defaultConfigurationIsVisible = 0;
			defaultConfigurationName = Release;
		};
		5FB2FE072C6B83CB00E138F7 /* Build configuration list for PBXNativeTarget "Tip-CalculatorUITests" */ = {
			isa = XCConfigurationList;
			buildConfigurations = (
				5FB2FE082C6B83CB00E138F7 /* Debug */,
				5FB2FE092C6B83CB00E138F7 /* Release */,
			);
			defaultConfigurationIsVisible = 0;
			defaultConfigurationName = Release;
		};
/* End XCConfigurationList section */

/* Begin XCRemoteSwiftPackageReference section */
		5FB2FE0E2C6B87E800E138F7 /* XCRemoteSwiftPackageReference "swift-snapshot-testing" */ = {
			isa = XCRemoteSwiftPackageReference;
			repositoryURL = "https://github.com/pointfreeco/swift-snapshot-testing";
			requirement = {
				kind = upToNextMinorVersion;
				minimumVersion = 1.17.4;
			};
		};
		5FB2FE132C6B886E00E138F7 /* XCRemoteSwiftPackageReference "CombineCocoa" */ = {
			isa = XCRemoteSwiftPackageReference;
			repositoryURL = "https://github.com/CombineCommunity/CombineCocoa";
			requirement = {
				kind = upToNextMinorVersion;
				minimumVersion = 0.4.1;
			};
		};
/* End XCRemoteSwiftPackageReference section */

/* Begin XCSwiftPackageProductDependency section */
		5F9DBC8A2C6F328F0064F5B9 /* CombineCocoa */ = {
			isa = XCSwiftPackageProductDependency;
			package = 5FB2FE132C6B886E00E138F7 /* XCRemoteSwiftPackageReference "CombineCocoa" */;
			productName = CombineCocoa;
		};
		5FB2FE0F2C6B87E800E138F7 /* InlineSnapshotTesting */ = {
			isa = XCSwiftPackageProductDependency;
			package = 5FB2FE0E2C6B87E800E138F7 /* XCRemoteSwiftPackageReference "swift-snapshot-testing" */;
			productName = InlineSnapshotTesting;
		};
		5FB2FE112C6B87E800E138F7 /* SnapshotTesting */ = {
			isa = XCSwiftPackageProductDependency;
			package = 5FB2FE0E2C6B87E800E138F7 /* XCRemoteSwiftPackageReference "swift-snapshot-testing" */;
			productName = SnapshotTesting;
		};
		5FB2FE142C6B886E00E138F7 /* CombineCocoa */ = {
			isa = XCSwiftPackageProductDependency;
			package = 5FB2FE132C6B886E00E138F7 /* XCRemoteSwiftPackageReference "CombineCocoa" */;
			productName = CombineCocoa;
		};
		5FB2FE162C6B889B00E138F7 /* CombineCocoa */ = {
			isa = XCSwiftPackageProductDependency;
			package = 5FB2FE132C6B886E00E138F7 /* XCRemoteSwiftPackageReference "CombineCocoa" */;
			productName = CombineCocoa;
		};
/* End XCSwiftPackageProductDependency section */
	};
	rootObject = 5FB2FDCF2C6B83CA00E138F7 /* Project object */;
}
