PODS:
  - CombineCocoa (0.4.1)
  - LookinServer/Core (1.2.8)
  - LookinServer/Swift (1.2.8):
    - LookinServer/Core
  - SnapKit (5.7.1)

DEPENDENCIES:
  - CombineCocoa
  - LookinServer/Swift
  - SnapKit (~> 5.7.0)

SPEC REPOS:
  trunk:
    - CombineCocoa
    - LookinServer
    - SnapKit

SPEC CHECKSUMS:
  CombineCocoa: e5210dbfb480ff251078929459ac17e750e7af1d
  LookinServer: 1b2b61c6402ae29fa22182d48f5cd067b4e99e80
  SnapKit: d612e99e678a2d3b95bf60b0705ed0a35c03484a

PODFILE CHECKSUM: 743a5dd1d0a78fffda8b497a232bbb3f16edc94c

COCOAPODS: 1.15.2
